{
  "pins" : [
    {
      "identity" : "http-client-module",
      "kind" : "remoteSourceControl",
      "location" : "https://github.com/swiftui-packages/http-client-module.git",
      "state" : {
        "revision" : "cc69838ebff5a1e7f6d6c0168592277091311395",
        "version" : "1.0.0"
      }
    },
    {
      "identity" : "swift-request",
      "kind" : "remoteSourceControl",
      "location" : "https://github.com/carson-katri/swift-request",
      "state" : {
        "revision" : "6266d884d7ded618cceb0e0920431be4d6f4c4aa",
        "version" : "1.4.0"
      }
    }
  ],
  "version" : 2
}
